
Microsoft Visual Studio Solution File, Format Version 12.00
# Visual Studio 2013
VisualStudioVersion = 12.0.31101.0
MinimumVisualStudioVersion = 10.0.40219.1
Project("{FAE04EC0-301F-11D3-BF4B-00C04F79EFBC}") = "D5_Scripts", "D5_Scripts\D5_Scripts.csproj", "{2E4D8CC1-1BA9-4C19-AE38-804748CDBEC9}"
EndProject
Project("{FAE04EC0-301F-11D3-BF4B-00C04F79EFBC}") = "D5_Test", "D5_Test\D5_Test.csproj", "{2D945BD2-12B1-4B41-9D54-9BA33FE5B07A}"
EndProject
Global
	GlobalSection(SolutionConfigurationPlatforms) = preSolution
		Debug|Any CPU = Debug|Any CPU
		Release|Any CPU = Release|Any CPU
	EndGlobalSection
	GlobalSection(ProjectConfigurationPlatforms) = postSolution
		{2E4D8CC1-1BA9-4C19-AE38-804748CDBEC9}.Debug|Any CPU.ActiveCfg = Debug|Any CPU
		{2E4D8CC1-1BA9-4C19-AE38-804748CDBEC9}.Debug|Any CPU.Build.0 = Debug|Any CPU
		{2E4D8CC1-1BA9-4C19-AE38-804748CDBEC9}.Release|Any CPU.ActiveCfg = Release|Any CPU
		{2E4D8CC1-1BA9-4C19-AE38-804748CDBEC9}.Release|Any CPU.Build.0 = Release|Any CPU
		{2D945BD2-12B1-4B41-9D54-9BA33FE5B07A}.Debug|Any CPU.ActiveCfg = Debug|Any CPU
		{2D945BD2-12B1-4B41-9D54-9BA33FE5B07A}.Debug|Any CPU.Build.0 = Debug|Any CPU
		{2D945BD2-12B1-4B41-9D54-9BA33FE5B07A}.Release|Any CPU.ActiveCfg = Release|Any CPU
		{2D945BD2-12B1-4B41-9D54-9BA33FE5B07A}.Release|Any CPU.Build.0 = Release|Any CPU
	EndGlobalSection
	GlobalSection(SolutionProperties) = preSolution
		HideSolutionNode = FALSE
	EndGlobalSection
EndGlobal
